
Microsoft Visual Studio Solution File, Format Version 12.00
# Visual Studio Version 16
VisualStudioVersion = 16.0.32428.217
MinimumVisualStudioVersion = 10.0.40219.1
Project("{FAE04EC0-301F-11D3-BF4B-00C04F79EFBC}") = "truckTour", "truckTour.csproj", "{FAF894DB-E76B-4554-A9EC-13EC0A3EB693}"
EndProject
Global
	GlobalSection(SolutionConfigurationPlatforms) = preSolution
		Debug|Any CPU = Debug|Any CPU
		Release|Any CPU = Release|Any CPU
	EndGlobalSection
	GlobalSection(ProjectConfigurationPlatforms) = postSolution
		{FAF894DB-E76B-4554-A9EC-13EC0A3EB693}.Debug|Any CPU.ActiveCfg = Debug|Any CPU
		{FAF894DB-E76B-4554-A9EC-13EC0A3EB693}.Debug|Any CPU.Build.0 = Debug|Any CPU
		{FAF894DB-E76B-4554-A9EC-13EC0A3EB693}.Release|Any CPU.ActiveCfg = Release|Any CPU
		{FAF894DB-E76B-4554-A9EC-13EC0A3EB693}.Release|Any CPU.Build.0 = Release|Any CPU
	EndGlobalSection
	GlobalSection(SolutionProperties) = preSolution
		HideSolutionNode = FALSE
	EndGlobalSection
	GlobalSection(ExtensibilityGlobals) = postSolution
		SolutionGuid = {FEF1EDB3-1944-4EB9-AA58-B978EB6C81F2}
	EndGlobalSection
EndGlobal
